// !$*UTF8*$!
{
	archiveVersion = 1;
	classes = {
	};
	objectVersion = 55;
	objects = {

/* Begin PBXBuildFile section */
		2831D83728C7AF0C00E75CE8 /* AppDelegate.swift in Sources */ = {isa = PBXBuildFile; fileRef = 2831D83628C7AF0C00E75CE8 /* AppDelegate.swift */; };
		2831D83928C7AF0C00E75CE8 /* SceneDelegate.swift in Sources */ = {isa = PBXBuildFile; fileRef = 2831D83828C7AF0C00E75CE8 /* SceneDelegate.swift */; };
		2831D83B28C7AF0C00E75CE8 /* ViewController.swift in Sources */ = {isa = PBXBuildFile; fileRef = 2831D83A28C7AF0C00E75CE8 /* ViewController.swift */; };
		2831D84028C7AF1100E75CE8 /* Assets.xcassets in Resources */ = {isa = PBXBuildFile; fileRef = 2831D83F28C7AF1100E75CE8 /* Assets.xcassets */; };
		2831D84328C7AF1100E75CE8 /* LaunchScreen.storyboard in Resources */ = {isa = PBXBuildFile; fileRef = 2831D84128C7AF1100E75CE8 /* LaunchScreen.storyboard */; };
		2831D84E28C7AF1200E75CE8 /* ElonMuskDreamTests.swift in Sources */ = {isa = PBXBuildFile; fileRef = 2831D84D28C7AF1200E75CE8 /* ElonMuskDreamTests.swift */; };
		2831D85828C7AF1200E75CE8 /* ElonMuskDreamUITests.swift in Sources */ = {isa = PBXBuildFile; fileRef = 2831D85728C7AF1200E75CE8 /* ElonMuskDreamUITests.swift */; };
		2831D85A28C7AF1200E75CE8 /* ElonMuskDreamUITestsLaunchTests.swift in Sources */ = {isa = PBXBuildFile; fileRef = 2831D85928C7AF1200E75CE8 /* ElonMuskDreamUITestsLaunchTests.swift */; };
/* End PBXBuildFile section */

/* Begin PBXContainerItemProxy section */
		2831D84A28C7AF1200E75CE8 /* PBXContainerItemProxy */ = {
			isa = PBXContainerItemProxy;
			containerPortal = 2831D82B28C7AF0C00E75CE8 /* Project object */;
			proxyType = 1;
			remoteGlobalIDString = 2831D83228C7AF0C00E75CE8;
			remoteInfo = ElonMuskDream;
		};
		2831D85428C7AF1200E75CE8 /* PBXContainerItemProxy */ = {
			isa = PBXContainerItemProxy;
			containerPortal = 2831D82B28C7AF0C00E75CE8 /* Project object */;
			proxyType = 1;
			remoteGlobalIDString = 2831D83228C7AF0C00E75CE8;
			remoteInfo = ElonMuskDream;
		};
/* End PBXContainerItemProxy section */

/* Begin PBXFileReference section */
		2831D83328C7AF0C00E75CE8 /* ElonMuskDream.app */ = {isa = PBXFileReference; explicitFileType = wrapper.application; includeInIndex = 0; path = ElonMuskDream.app; sourceTree = BUILT_PRODUCTS_DIR; };
		2831D83628C7AF0C00E75CE8 /* AppDelegate.swift */ = {isa = PBXFileReference; lastKnownFileType = sourcecode.swift; path = AppDelegate.swift; sourceTree = "<group>"; };
		2831D83828C7AF0C00E75CE8 /* SceneDelegate.swift */ = {isa = PBXFileReference; lastKnownFileType = sourcecode.swift; path = SceneDelegate.swift; sourceTree = "<group>"; };
		2831D83A28C7AF0C00E75CE8 /* ViewController.swift */ = {isa = PBXFileReference; lastKnownFileType = sourcecode.swift; path = ViewController.swift; sourceTree = "<group>"; };
		2831D83F28C7AF1100E75CE8 /* Assets.xcassets */ = {isa = PBXFileReference; lastKnownFileType = folder.assetcatalog; path = Assets.xcassets; sourceTree = "<group>"; };
		2831D84228C7AF1100E75CE8 /* Base */ = {isa = PBXFileReference; lastKnownFileType = file.storyboard; name = Base; path = Base.lproj/LaunchScreen.storyboard; sourceTree = "<group>"; };
		2831D84428C7AF1100E75CE8 /* Info.plist */ = {isa = PBXFileReference; lastKnownFileType = text.plist.xml; path = Info.plist; sourceTree = "<group>"; };
		2831D84928C7AF1200E75CE8 /* ElonMuskDreamTests.xctest */ = {isa = PBXFileReference; explicitFileType = wrapper.cfbundle; includeInIndex = 0; path = ElonMuskDreamTests.xctest; sourceTree = BUILT_PRODUCTS_DIR; };
		2831D84D28C7AF1200E75CE8 /* ElonMuskDreamTests.swift */ = {isa = PBXFileReference; lastKnownFileType = sourcecode.swift; path = ElonMuskDreamTests.swift; sourceTree = "<group>"; };
		2831D85328C7AF1200E75CE8 /* ElonMuskDreamUITests.xctest */ = {isa = PBXFileReference; explicitFileType = wrapper.cfbundle; includeInIndex = 0; path = ElonMuskDreamUITests.xctest; sourceTree = BUILT_PRODUCTS_DIR; };
		2831D85728C7AF1200E75CE8 /* ElonMuskDreamUITests.swift */ = {isa = PBXFileReference; lastKnownFileType = sourcecode.swift; path = ElonMuskDreamUITests.swift; sourceTree = "<group>"; };
		2831D85928C7AF1200E75CE8 /* ElonMuskDreamUITestsLaunchTests.swift */ = {isa = PBXFileReference; lastKnownFileType = sourcecode.swift; path = ElonMuskDreamUITestsLaunchTests.swift; sourceTree = "<group>"; };
/* End PBXFileReference section */

/* Begin PBXFrameworksBuildPhase section */
		2831D83028C7AF0C00E75CE8 /* Frameworks */ = {
			isa = PBXFrameworksBuildPhase;
			buildActionMask = 2147483647;
			files = (
			);
			runOnlyForDeploymentPostprocessing = 0;
		};
		2831D84628C7AF1200E75CE8 /* Frameworks */ = {
			isa = PBXFrameworksBuildPhase;
			buildActionMask = 2147483647;
			files = (
			);
			runOnlyForDeploymentPostprocessing = 0;
		};
		2831D85028C7AF1200E75CE8 /* Frameworks */ = {
			isa = PBXFrameworksBuildPhase;
			buildActionMask = 2147483647;
			files = (
			);
			runOnlyForDeploymentPostprocessing = 0;
		};
/* End PBXFrameworksBuildPhase section */

/* Begin PBXGroup section */
		2831D82A28C7AF0C00E75CE8 = {
			isa = PBXGroup;
			children = (
				2831D83528C7AF0C00E75CE8 /* ElonMuskDream */,
				2831D84C28C7AF1200E75CE8 /* ElonMuskDreamTests */,
				2831D85628C7AF1200E75CE8 /* ElonMuskDreamUITests */,
				2831D83428C7AF0C00E75CE8 /* Products */,
			);
			sourceTree = "<group>";
		};
		2831D83428C7AF0C00E75CE8 /* Products */ = {
			isa = PBXGroup;
			children = (
				2831D83328C7AF0C00E75CE8 /* ElonMuskDream.app */,
				2831D84928C7AF1200E75CE8 /* ElonMuskDreamTests.xctest */,
				2831D85328C7AF1200E75CE8 /* ElonMuskDreamUITests.xctest */,
			);
			name = Products;
			sourceTree = "<group>";
		};
		2831D83528C7AF0C00E75CE8 /* ElonMuskDream */ = {
			isa = PBXGroup;
			children = (
				2831D87028C7B79A00E75CE8 /* Services */,
				2831D86D28C7B6BE00E75CE8 /* App */,
				2831D86E28C7B6EA00E75CE8 /* Resources */,
				2831D83A28C7AF0C00E75CE8 /* ViewController.swift */,
				2831D84428C7AF1100E75CE8 /* Info.plist */,
			);
			path = ElonMuskDream;
			sourceTree = "<group>";
		};
		2831D84C28C7AF1200E75CE8 /* ElonMuskDreamTests */ = {
			isa = PBXGroup;
			children = (
				2831D84D28C7AF1200E75CE8 /* ElonMuskDreamTests.swift */,
			);
			path = ElonMuskDreamTests;
			sourceTree = "<group>";
		};
		2831D85628C7AF1200E75CE8 /* ElonMuskDreamUITests */ = {
			isa = PBXGroup;
			children = (
				2831D85728C7AF1200E75CE8 /* ElonMuskDreamUITests.swift */,
				2831D85928C7AF1200E75CE8 /* ElonMuskDreamUITestsLaunchTests.swift */,
			);
			path = ElonMuskDreamUITests;
			sourceTree = "<group>";
		};
		2831D86D28C7B6BE00E75CE8 /* App */ = {
			isa = PBXGroup;
			children = (
				2831D83628C7AF0C00E75CE8 /* AppDelegate.swift */,
				2831D83828C7AF0C00E75CE8 /* SceneDelegate.swift */,
			);
			path = App;
			sourceTree = "<group>";
		};
		2831D86E28C7B6EA00E75CE8 /* Resources */ = {
			isa = PBXGroup;
			children = (
				2831D83F28C7AF1100E75CE8 /* Assets.xcassets */,
				2831D84128C7AF1100E75CE8 /* LaunchScreen.storyboard */,
			);
			path = Resources;
			sourceTree = "<group>";
		};
		2831D87028C7B79A00E75CE8 /* Services */ = {
			isa = PBXGroup;
			children = (
			);
			path = Services;
			sourceTree = "<group>";
		};
/* End PBXGroup section */

/* Begin PBXNativeTarget section */
		2831D83228C7AF0C00E75CE8 /* ElonMuskDream */ = {
			isa = PBXNativeTarget;
			buildConfigurationList = 2831D85D28C7AF1200E75CE8 /* Build configuration list for PBXNativeTarget "ElonMuskDream" */;
			buildPhases = (
				2831D82F28C7AF0C00E75CE8 /* Sources */,
				2831D83028C7AF0C00E75CE8 /* Frameworks */,
				2831D83128C7AF0C00E75CE8 /* Resources */,
			);
			buildRules = (
			);
			dependencies = (
			);
			name = ElonMuskDream;
			productName = ElonMuskDream;
			productReference = 2831D83328C7AF0C00E75CE8 /* ElonMuskDream.app */;
			productType = "com.apple.product-type.application";
		};
		2831D84828C7AF1200E75CE8 /* ElonMuskDreamTests */ = {
			isa = PBXNativeTarget;
			buildConfigurationList = 2831D86028C7AF1200E75CE8 /* Build configuration list for PBXNativeTarget "ElonMuskDreamTests" */;
			buildPhases = (
				2831D84528C7AF1200E75CE8 /* Sources */,
				2831D84628C7AF1200E75CE8 /* Frameworks */,
				2831D84728C7AF1200E75CE8 /* Resources */,
			);
			buildRules = (
			);
			dependencies = (
				2831D84B28C7AF1200E75CE8 /* PBXTargetDependency */,
			);
			name = ElonMuskDreamTests;
			productName = ElonMuskDreamTests;
			productReference = 2831D84928C7AF1200E75CE8 /* ElonMuskDreamTests.xctest */;
			productType = "com.apple.product-type.bundle.unit-test";
		};
		2831D85228C7AF1200E75CE8 /* ElonMuskDreamUITests */ = {
			isa = PBXNativeTarget;
			buildConfigurationList = 2831D86328C7AF1200E75CE8 /* Build configuration list for PBXNativeTarget "ElonMuskDreamUITests" */;
			buildPhases = (
				2831D84F28C7AF1200E75CE8 /* Sources */,
				2831D85028C7AF1200E75CE8 /* Frameworks */,
				2831D85128C7AF1200E75CE8 /* Resources */,
			);
			buildRules = (
			);
			dependencies = (
				2831D85528C7AF1200E75CE8 /* PBXTargetDependency */,
			);
			name = ElonMuskDreamUITests;
			productName = ElonMuskDreamUITests;
			productReference = 2831D85328C7AF1200E75CE8 /* ElonMuskDreamUITests.xctest */;
			productType = "com.apple.product-type.bundle.ui-testing";
		};
/* End PBXNativeTarget section */

/* Begin PBXProject section */
		2831D82B28C7AF0C00E75CE8 /* Project object */ = {
			isa = PBXProject;
			attributes = {
				BuildIndependentTargetsInParallel = 1;
				LastSwiftUpdateCheck = 1340;
				LastUpgradeCheck = 1340;
				TargetAttributes = {
					2831D83228C7AF0C00E75CE8 = {
						CreatedOnToolsVersion = 13.4;
					};
					2831D84828C7AF1200E75CE8 = {
						CreatedOnToolsVersion = 13.4;
						TestTargetID = 2831D83228C7AF0C00E75CE8;
					};
					2831D85228C7AF1200E75CE8 = {
						CreatedOnToolsVersion = 13.4;
						TestTargetID = 2831D83228C7AF0C00E75CE8;
					};
				};
			};
			buildConfigurationList = 2831D82E28C7AF0C00E75CE8 /* Build configuration list for PBXProject "ElonMuskDream" */;
			compatibilityVersion = "Xcode 13.0";
			developmentRegion = en;
			hasScannedForEncodings = 0;
			knownRegions = (
				en,
				Base,
			);
			mainGroup = 2831D82A28C7AF0C00E75CE8;
			productRefGroup = 2831D83428C7AF0C00E75CE8 /* Products */;
			projectDirPath = "";
			projectRoot = "";
			targets = (
				2831D83228C7AF0C00E75CE8 /* ElonMuskDream */,
				2831D84828C7AF1200E75CE8 /* ElonMuskDreamTests */,
				2831D85228C7AF1200E75CE8 /* ElonMuskDreamUITests */,
			);
		};
/* End PBXProject section */

/* Begin PBXResourcesBuildPhase section */
		2831D83128C7AF0C00E75CE8 /* Resources */ = {
			isa = PBXResourcesBuildPhase;
			buildActionMask = 2147483647;
			files = (
				2831D84328C7AF1100E75CE8 /* LaunchScreen.storyboard in Resources */,
				2831D84028C7AF1100E75CE8 /* Assets.xcassets in Resources */,
			);
			runOnlyForDeploymentPostprocessing = 0;
		};
		2831D84728C7AF1200E75CE8 /* Resources */ = {
			isa = PBXResourcesBuildPhase;
			buildActionMask = 2147483647;
			files = (
			);
			runOnlyForDeploymentPostprocessing = 0;
		};
		2831D85128C7AF1200E75CE8 /* Resources */ = {
			isa = PBXResourcesBuildPhase;
			buildActionMask = 2147483647;
			files = (
			);
			runOnlyForDeploymentPostprocessing = 0;
		};
/* End PBXResourcesBuildPhase section */

/* Begin PBXSourcesBuildPhase section */
		2831D82F28C7AF0C00E75CE8 /* Sources */ = {
			isa = PBXSourcesBuildPhase;
			buildActionMask = 2147483647;
			files = (
				2831D83B28C7AF0C00E75CE8 /* ViewController.swift in Sources */,
				2831D83728C7AF0C00E75CE8 /* AppDelegate.swift in Sources */,
				2831D83928C7AF0C00E75CE8 /* SceneDelegate.swift in Sources */,
			);
			runOnlyForDeploymentPostprocessing = 0;
		};
		2831D84528C7AF1200E75CE8 /* Sources */ = {
			isa = PBXSourcesBuildPhase;
			buildActionMask = 2147483647;
			files = (
				2831D84E28C7AF1200E75CE8 /* ElonMuskDreamTests.swift in Sources */,
			);
			runOnlyForDeploymentPostprocessing = 0;
		};
		2831D84F28C7AF1200E75CE8 /* Sources */ = {
			isa = PBXSourcesBuildPhase;
			buildActionMask = 2147483647;
			files = (
				2831D85A28C7AF1200E75CE8 /* ElonMuskDreamUITestsLaunchTests.swift in Sources */,
				2831D85828C7AF1200E75CE8 /* ElonMuskDreamUITests.swift in Sources */,
			);
			runOnlyForDeploymentPostprocessing = 0;
		};
/* End PBXSourcesBuildPhase section */

/* Begin PBXTargetDependency section */
		2831D84B28C7AF1200E75CE8 /* PBXTargetDependency */ = {
			isa = PBXTargetDependency;
			target = 2831D83228C7AF0C00E75CE8 /* ElonMuskDream */;
			targetProxy = 2831D84A28C7AF1200E75CE8 /* PBXContainerItemProxy */;
		};
		2831D85528C7AF1200E75CE8 /* PBXTargetDependency */ = {
			isa = PBXTargetDependency;
			target = 2831D83228C7AF0C00E75CE8 /* ElonMuskDream */;
			targetProxy = 2831D85428C7AF1200E75CE8 /* PBXContainerItemProxy */;
		};
/* End PBXTargetDependency section */

/* Begin PBXVariantGroup section */
		2831D84128C7AF1100E75CE8 /* LaunchScreen.storyboard */ = {
			isa = PBXVariantGroup;
			children = (
				2831D84228C7AF1100E75CE8 /* Base */,
			);
			name = LaunchScreen.storyboard;
			sourceTree = "<group>";
		};
/* End PBXVariantGroup section */

/* Begin XCBuildConfiguration section */
		2831D85B28C7AF1200E75CE8 /* Debug */ = {
			isa = XCBuildConfiguration;
			buildSettings = {
				ALWAYS_SEARCH_USER_PATHS = NO;
				CLANG_ANALYZER_NONNULL = YES;
				CLANG_ANALYZER_NUMBER_OBJECT_CONVERSION = YES_AGGRESSIVE;
				CLANG_CXX_LANGUAGE_STANDARD = "gnu++17";
				CLANG_ENABLE_MODULES = YES;
				CLANG_ENABLE_OBJC_ARC = YES;
				CLANG_ENABLE_OBJC_WEAK = YES;
				CLANG_WARN_BLOCK_CAPTURE_AUTORELEASING = YES;
				CLANG_WARN_BOOL_CONVERSION = YES;
				CLANG_WARN_COMMA = YES;
				CLANG_WARN_CONSTANT_CONVERSION = YES;
				CLANG_WARN_DEPRECATED_OBJC_IMPLEMENTATIONS = YES;
				CLANG_WARN_DIRECT_OBJC_ISA_USAGE = YES_ERROR;
				CLANG_WARN_DOCUMENTATION_COMMENTS = YES;
				CLANG_WARN_EMPTY_BODY = YES;
				CLANG_WARN_ENUM_CONVERSION = YES;
				CLANG_WARN_INFINITE_RECURSION = YES;
				CLANG_WARN_INT_CONVERSION = YES;
				CLANG_WARN_NON_LITERAL_NULL_CONVERSION = YES;
				CLANG_WARN_OBJC_IMPLICIT_RETAIN_SELF = YES;
				CLANG_WARN_OBJC_LITERAL_CONVERSION = YES;
				CLANG_WARN_OBJC_ROOT_CLASS = YES_ERROR;
				CLANG_WARN_QUOTED_INCLUDE_IN_FRAMEWORK_HEADER = YES;
				CLANG_WARN_RANGE_LOOP_ANALYSIS = YES;
				CLANG_WARN_STRICT_PROTOTYPES = YES;
				CLANG_WARN_SUSPICIOUS_MOVE = YES;
				CLANG_WARN_UNGUARDED_AVAILABILITY = YES_AGGRESSIVE;
				CLANG_WARN_UNREACHABLE_CODE = YES;
				CLANG_WARN__DUPLICATE_METHOD_MATCH = YES;
				COPY_PHASE_STRIP = NO;
				DEBUG_INFORMATION_FORMAT = dwarf;
				ENABLE_STRICT_OBJC_MSGSEND = YES;
				ENABLE_TESTABILITY = YES;
				GCC_C_LANGUAGE_STANDARD = gnu11;
				GCC_DYNAMIC_NO_PIC = NO;
				GCC_NO_COMMON_BLOCKS = YES;
				GCC_OPTIMIZATION_LEVEL = 0;
				GCC_PREPROCESSOR_DEFINITIONS = (
					"DEBUG=1",
					"$(inherited)",
				);
				GCC_WARN_64_TO_32_BIT_CONVERSION = YES;
				GCC_WARN_ABOUT_RETURN_TYPE = YES_ERROR;
				GCC_WARN_UNDECLARED_SELECTOR = YES;
				GCC_WARN_UNINITIALIZED_AUTOS = YES_AGGRESSIVE;
				GCC_WARN_UNUSED_FUNCTION = YES;
				GCC_WARN_UNUSED_VARIABLE = YES;
				IPHONEOS_DEPLOYMENT_TARGET = 15.5;
				MTL_ENABLE_DEBUG_INFO = INCLUDE_SOURCE;
				MTL_FAST_MATH = YES;
				ONLY_ACTIVE_ARCH = YES;
				SDKROOT = iphoneos;
				SWIFT_ACTIVE_COMPILATION_CONDITIONS = DEBUG;
				SWIFT_OPTIMIZATION_LEVEL = "-Onone";
			};
			name = Debug;
		};
		2831D85C28C7AF1200E75CE8 /* Release */ = {
			isa = XCBuildConfiguration;
			buildSettings = {
				ALWAYS_SEARCH_USER_PATHS = NO;
				CLANG_ANALYZER_NONNULL = YES;
				CLANG_ANALYZER_NUMBER_OBJECT_CONVERSION = YES_AGGRESSIVE;
				CLANG_CXX_LANGUAGE_STANDARD = "gnu++17";
				CLANG_ENABLE_MODULES = YES;
				CLANG_ENABLE_OBJC_ARC = YES;
				CLANG_ENABLE_OBJC_WEAK = YES;
				CLANG_WARN_BLOCK_CAPTURE_AUTORELEASING = YES;
				CLANG_WARN_BOOL_CONVERSION = YES;
				CLANG_WARN_COMMA = YES;
				CLANG_WARN_CONSTANT_CONVERSION = YES;
				CLANG_WARN_DEPRECATED_OBJC_IMPLEMENTATIONS = YES;
				CLANG_WARN_DIRECT_OBJC_ISA_USAGE = YES_ERROR;
				CLANG_WARN_DOCUMENTATION_COMMENTS = YES;
				CLANG_WARN_EMPTY_BODY = YES;
				CLANG_WARN_ENUM_CONVERSION = YES;
				CLANG_WARN_INFINITE_RECURSION = YES;
				CLANG_WARN_INT_CONVERSION = YES;
				CLANG_WARN_NON_LITERAL_NULL_CONVERSION = YES;
				CLANG_WARN_OBJC_IMPLICIT_RETAIN_SELF = YES;
				CLANG_WARN_OBJC_LITERAL_CONVERSION = YES;
				CLANG_WARN_OBJC_ROOT_CLASS = YES_ERROR;
				CLANG_WARN_QUOTED_INCLUDE_IN_FRAMEWORK_HEADER = YES;
				CLANG_WARN_RANGE_LOOP_ANALYSIS = YES;
				CLANG_WARN_STRICT_PROTOTYPES = YES;
				CLANG_WARN_SUSPICIOUS_MOVE = YES;
				CLANG_WARN_UNGUARDED_AVAILABILITY = YES_AGGRESSIVE;
				CLANG_WARN_UNREACHABLE_CODE = YES;
				CLANG_WARN__DUPLICATE_METHOD_MATCH = YES;
				COPY_PHASE_STRIP = NO;
				DEBUG_INFORMATION_FORMAT = "dwarf-with-dsym";
				ENABLE_NS_ASSERTIONS = NO;
				ENABLE_STRICT_OBJC_MSGSEND = YES;
				GCC_C_LANGUAGE_STANDARD = gnu11;
				GCC_NO_COMMON_BLOCKS = YES;
				GCC_WARN_64_TO_32_BIT_CONVERSION = YES;
				GCC_WARN_ABOUT_RETURN_TYPE = YES_ERROR;
				GCC_WARN_UNDECLARED_SELECTOR = YES;
				GCC_WARN_UNINITIALIZED_AUTOS = YES_AGGRESSIVE;
				GCC_WARN_UNUSED_FUNCTION = YES;
				GCC_WARN_UNUSED_VARIABLE = YES;
				IPHONEOS_DEPLOYMENT_TARGET = 15.5;
				MTL_ENABLE_DEBUG_INFO = NO;
				MTL_FAST_MATH = YES;
				SDKROOT = iphoneos;
				SWIFT_COMPILATION_MODE = wholemodule;
				SWIFT_OPTIMIZATION_LEVEL = "-O";
				VALIDATE_PRODUCT = YES;
			};
			name = Release;
		};
		2831D85E28C7AF1200E75CE8 /* Debug */ = {
			isa = XCBuildConfiguration;
			buildSettings = {
				ASSETCATALOG_COMPILER_APPICON_NAME = AppIcon;
				ASSETCATALOG_COMPILER_GLOBAL_ACCENT_COLOR_NAME = AccentColor;
				CODE_SIGN_STYLE = Automatic;
				CURRENT_PROJECT_VERSION = 1;
				DEVELOPMENT_TEAM = 6T7Q5NYYAK;
				GENERATE_INFOPLIST_FILE = YES;
				INFOPLIST_FILE = ElonMuskDream/Info.plist;
				INFOPLIST_KEY_UIApplicationSupportsIndirectInputEvents = YES;
				INFOPLIST_KEY_UILaunchStoryboardName = LaunchScreen;
				INFOPLIST_KEY_UISupportedInterfaceOrientations = UIInterfaceOrientationPortrait;
				INFOPLIST_KEY_UISupportedInterfaceOrientations_iPad = "UIInterfaceOrientationPortrait UIInterfaceOrientationPortraitUpsideDown UIInterfaceOrientationLandscapeLeft UIInterfaceOrientationLandscapeRight";
				INFOPLIST_KEY_UISupportedInterfaceOrientations_iPhone = "UIInterfaceOrientationPortrait UIInterfaceOrientationLandscapeLeft UIInterfaceOrientationLandscapeRight";
				IPHONEOS_DEPLOYMENT_TARGET = 13.0;
				LD_RUNPATH_SEARCH_PATHS = (
					"$(inherited)",
					"@executable_path/Frameworks",
				);
				MARKETING_VERSION = 1.0;
				PRODUCT_BUNDLE_IDENTIFIER = com.araste.ElonMuskDream;
				PRODUCT_NAME = "$(TARGET_NAME)";
				SWIFT_EMIT_LOC_STRINGS = YES;
				SWIFT_VERSION = 5.0;
				TARGETED_DEVICE_FAMILY = 1;
			};
			name = Debug;
		};
		2831D85F28C7AF1200E75CE8 /* Release */ = {
			isa = XCBuildConfiguration;
			buildSettings = {
				ASSETCATALOG_COMPILER_APPICON_NAME = AppIcon;
				ASSETCATALOG_COMPILER_GLOBAL_ACCENT_COLOR_NAME = AccentColor;
				CODE_SIGN_STYLE = Automatic;
				CURRENT_PROJECT_VERSION = 1;
				DEVELOPMENT_TEAM = 6T7Q5NYYAK;
				GENERATE_INFOPLIST_FILE = YES;
				INFOPLIST_FILE = ElonMuskDream/Info.plist;
				INFOPLIST_KEY_UIApplicationSupportsIndirectInputEvents = YES;
				INFOPLIST_KEY_UILaunchStoryboardName = LaunchScreen;
				INFOPLIST_KEY_UISupportedInterfaceOrientations = UIInterfaceOrientationPortrait;
				INFOPLIST_KEY_UISupportedInterfaceOrientations_iPad = "UIInterfaceOrientationPortrait UIInterfaceOrientationPortraitUpsideDown UIInterfaceOrientationLandscapeLeft UIInterfaceOrientationLandscapeRight";
				INFOPLIST_KEY_UISupportedInterfaceOrientations_iPhone = "UIInterfaceOrientationPortrait UIInterfaceOrientationLandscapeLeft UIInterfaceOrientationLandscapeRight";
				IPHONEOS_DEPLOYMENT_TARGET = 13.0;
				LD_RUNPATH_SEARCH_PATHS = (
					"$(inherited)",
					"@executable_path/Frameworks",
				);
				MARKETING_VERSION = 1.0;
				PRODUCT_BUNDLE_IDENTIFIER = com.araste.ElonMuskDream;
				PRODUCT_NAME = "$(TARGET_NAME)";
				SWIFT_EMIT_LOC_STRINGS = YES;
				SWIFT_VERSION = 5.0;
				TARGETED_DEVICE_FAMILY = 1;
			};
			name = Release;
		};
		2831D86128C7AF1200E75CE8 /* Debug */ = {
			isa = XCBuildConfiguration;
			buildSettings = {
				ALWAYS_EMBED_SWIFT_STANDARD_LIBRARIES = YES;
				BUNDLE_LOADER = "$(TEST_HOST)";
				CODE_SIGN_STYLE = Automatic;
				CURRENT_PROJECT_VERSION = 1;
				DEVELOPMENT_TEAM = 6T7Q5NYYAK;
				GENERATE_INFOPLIST_FILE = YES;
				IPHONEOS_DEPLOYMENT_TARGET = 15.5;
				MARKETING_VERSION = 1.0;
				PRODUCT_BUNDLE_IDENTIFIER = com.araste.ElonMuskDreamTests;
				PRODUCT_NAME = "$(TARGET_NAME)";
				SWIFT_EMIT_LOC_STRINGS = NO;
				SWIFT_VERSION = 5.0;
				TARGETED_DEVICE_FAMILY = "1,2";
				TEST_HOST = "$(BUILT_PRODUCTS_DIR)/ElonMuskDream.app/ElonMuskDream";
			};
			name = Debug;
		};
		2831D86228C7AF1200E75CE8 /* Release */ = {
			isa = XCBuildConfiguration;
			buildSettings = {
				ALWAYS_EMBED_SWIFT_STANDARD_LIBRARIES = YES;
				BUNDLE_LOADER = "$(TEST_HOST)";
				CODE_SIGN_STYLE = Automatic;
				CURRENT_PROJECT_VERSION = 1;
				DEVELOPMENT_TEAM = 6T7Q5NYYAK;
				GENERATE_INFOPLIST_FILE = YES;
				IPHONEOS_DEPLOYMENT_TARGET = 15.5;
				MARKETING_VERSION = 1.0;
				PRODUCT_BUNDLE_IDENTIFIER = com.araste.ElonMuskDreamTests;
				PRODUCT_NAME = "$(TARGET_NAME)";
				SWIFT_EMIT_LOC_STRINGS = NO;
				SWIFT_VERSION = 5.0;
				TARGETED_DEVICE_FAMILY = "1,2";
				TEST_HOST = "$(BUILT_PRODUCTS_DIR)/ElonMuskDream.app/ElonMuskDream";
			};
			name = Release;
		};
		2831D86428C7AF1200E75CE8 /* Debug */ = {
			isa = XCBuildConfiguration;
			buildSettings = {
				ALWAYS_EMBED_SWIFT_STANDARD_LIBRARIES = YES;
				CODE_SIGN_STYLE = Automatic;
				CURRENT_PROJECT_VERSION = 1;
				DEVELOPMENT_TEAM = 6T7Q5NYYAK;
				GENERATE_INFOPLIST_FILE = YES;
				MARKETING_VERSION = 1.0;
				PRODUCT_BUNDLE_IDENTIFIER = com.araste.ElonMuskDreamUITests;
				PRODUCT_NAME = "$(TARGET_NAME)";
				SWIFT_EMIT_LOC_STRINGS = NO;
				SWIFT_VERSION = 5.0;
				TARGETED_DEVICE_FAMILY = "1,2";
				TEST_TARGET_NAME = ElonMuskDream;
			};
			name = Debug;
		};
		2831D86528C7AF1200E75CE8 /* Release */ = {
			isa = XCBuildConfiguration;
			buildSettings = {
				ALWAYS_EMBED_SWIFT_STANDARD_LIBRARIES = YES;
				CODE_SIGN_STYLE = Automatic;
				CURRENT_PROJECT_VERSION = 1;
				DEVELOPMENT_TEAM = 6T7Q5NYYAK;
				GENERATE_INFOPLIST_FILE = YES;
				MARKETING_VERSION = 1.0;
				PRODUCT_BUNDLE_IDENTIFIER = com.araste.ElonMuskDreamUITests;
				PRODUCT_NAME = "$(TARGET_NAME)";
				SWIFT_EMIT_LOC_STRINGS = NO;
				SWIFT_VERSION = 5.0;
				TARGETED_DEVICE_FAMILY = "1,2";
				TEST_TARGET_NAME = ElonMuskDream;
			};
			name = Release;
		};
/* End XCBuildConfiguration section */

/* Begin XCConfigurationList section */
		2831D82E28C7AF0C00E75CE8 /* Build configuration list for PBXProject "ElonMuskDream" */ = {
			isa = XCConfigurationList;
			buildConfigurations = (
				2831D85B28C7AF1200E75CE8 /* Debug */,
				2831D85C28C7AF1200E75CE8 /* Release */,
			);
			defaultConfigurationIsVisible = 0;
			defaultConfigurationName = Release;
		};
		2831D85D28C7AF1200E75CE8 /* Build configuration list for PBXNativeTarget "ElonMuskDream" */ = {
			isa = XCConfigurationList;
			buildConfigurations = (
				2831D85E28C7AF1200E75CE8 /* Debug */,
				2831D85F28C7AF1200E75CE8 /* Release */,
			);
			defaultConfigurationIsVisible = 0;
			defaultConfigurationName = Release;
		};
		2831D86028C7AF1200E75CE8 /* Build configuration list for PBXNativeTarget "ElonMuskDreamTests" */ = {
			isa = XCConfigurationList;
			buildConfigurations = (
				2831D86128C7AF1200E75CE8 /* Debug */,
				2831D86228C7AF1200E75CE8 /* Release */,
			);
			defaultConfigurationIsVisible = 0;
			defaultConfigurationName = Release;
		};
		2831D86328C7AF1200E75CE8 /* Build configuration list for PBXNativeTarget "ElonMuskDreamUITests" */ = {
			isa = XCConfigurationList;
			buildConfigurations = (
				2831D86428C7AF1200E75CE8 /* Debug */,
				2831D86528C7AF1200E75CE8 /* Release */,
			);
			defaultConfigurationIsVisible = 0;
			defaultConfigurationName = Release;
		};
/* End XCConfigurationList section */
	};
	rootObject = 2831D82B28C7AF0C00E75CE8 /* Project object */;
}
